
Microsoft Visual Studio Solution File, Format Version 12.00
# Visual Studio Version 17
VisualStudioVersion = 17.9.34607.119
MinimumVisualStudioVersion = 10.0.40219.1
Project("{FAE04EC0-301F-11D3-BF4B-00C04F79EFBC}") = "student's electronic diary", "student's electronic diary\student's electronic diary.csproj", "{7B8084AA-6AA3-45D7-A075-4972E23BFC12}"
EndProject
Global
	GlobalSection(SolutionConfigurationPlatforms) = preSolution
		Debug|Any CPU = Debug|Any CPU
		Release|Any CPU = Release|Any CPU
	EndGlobalSection
	GlobalSection(ProjectConfigurationPlatforms) = postSolution
		{7B8084AA-6AA3-45D7-A075-4972E23BFC12}.Debug|Any CPU.ActiveCfg = Debug|Any CPU
		{7B8084AA-6AA3-45D7-A075-4972E23BFC12}.Debug|Any CPU.Build.0 = Debug|Any CPU
		{7B8084AA-6AA3-45D7-A075-4972E23BFC12}.Release|Any CPU.ActiveCfg = Release|Any CPU
		{7B8084AA-6AA3-45D7-A075-4972E23BFC12}.Release|Any CPU.Build.0 = Release|Any CPU
	EndGlobalSection
	GlobalSection(SolutionProperties) = preSolution
		HideSolutionNode = FALSE
	EndGlobalSection
	GlobalSection(ExtensibilityGlobals) = postSolution
		SolutionGuid = {EA524D77-A069-4670-BD93-72D499CA7E8F}
	EndGlobalSection
EndGlobal
